
Microsoft Visual Studio Solution File, Format Version 12.00
# Visual Studio Version 17
VisualStudioVersion = 17.10.35013.160
MinimumVisualStudioVersion = 10.0.40219.1
Project("{FAE04EC0-301F-11D3-BF4B-00C04F79EFBC}") = "Mytest", "Mytest.csproj", "{B9390F02-242F-4E4F-8406-6FBCF32311FE}"
EndProject
Global
	GlobalSection(SolutionConfigurationPlatforms) = preSolution
		Debug|Any CPU = Debug|Any CPU
		Release|Any CPU = Release|Any CPU
	EndGlobalSection
	GlobalSection(ProjectConfigurationPlatforms) = postSolution
		{B9390F02-242F-4E4F-8406-6FBCF32311FE}.Debug|Any CPU.ActiveCfg = Debug|Any CPU
		{B9390F02-242F-4E4F-8406-6FBCF32311FE}.Debug|Any CPU.Build.0 = Debug|Any CPU
		{B9390F02-242F-4E4F-8406-6FBCF32311FE}.Release|Any CPU.ActiveCfg = Release|Any CPU
		{B9390F02-242F-4E4F-8406-6FBCF32311FE}.Release|Any CPU.Build.0 = Release|Any CPU
	EndGlobalSection
	GlobalSection(SolutionProperties) = preSolution
		HideSolutionNode = FALSE
	EndGlobalSection
	GlobalSection(ExtensibilityGlobals) = postSolution
		SolutionGuid = {88CD3371-78C6-4C27-9456-D0FC5C18A9D4}
	EndGlobalSection
EndGlobal
